
Microsoft Visual Studio Solution File, Format Version 12.00
# Visual Studio Version 16
VisualStudioVersion = 16.0.30503.244
MinimumVisualStudioVersion = 10.0.40219.1
Project("{2150E333-8FDC-42A3-9474-1A3956D46DE8}") = "01_Core", "01_Core", "{69918790-0F55-4B2D-B32A-1FD8A0F6B1A9}"
EndProject
Project("{2150E333-8FDC-42A3-9474-1A3956D46DE8}") = "02_Admin", "02_Admin", "{7ADF5129-5A36-4406-B1AD-B18704E6DCEA}"
EndProject
Project("{2150E333-8FDC-42A3-9474-1A3956D46DE8}") = "03_Portal", "03_Portal", "{699C8CED-0EBE-49E2-BD4F-356462D9B88D}"
EndProject
Project("{2150E333-8FDC-42A3-9474-1A3956D46DE8}") = "Misk", "Misk", "{725972D7-F506-44CE-A911-610671D54242}"
EndProject
Project("{2150E333-8FDC-42A3-9474-1A3956D46DE8}") = "04_SystemService", "04_SystemService", "{89E92466-E4A7-4574-8860-22973A49C45E}"
EndProject
Project("{9A19103F-16F7-4668-BE54-9A1E7A4F7556}") = "Tionit.MyShop.SystemService.Application", "Tionit.MyShop.SystemService.Application\Tionit.MyShop.SystemService.Application.csproj", "{A7BEFC9A-DCFE-4745-98D9-4774E1A01FCA}"
EndProject
Project("{9A19103F-16F7-4668-BE54-9A1E7A4F7556}") = "Tionit.MyShop.Migrator", "Tionit.MyShop.Migrator\Tionit.MyShop.Migrator.csproj", "{8A1F776D-93AB-47A9-BE12-1417E35455A7}"
EndProject
Project("{9A19103F-16F7-4668-BE54-9A1E7A4F7556}") = "Tionit.MyShop.Application", "Tionit.MyShop.Application\Tionit.MyShop.Application.csproj", "{66082A40-3C8B-483B-A26F-E64B9BF8084F}"
EndProject
Project("{9A19103F-16F7-4668-BE54-9A1E7A4F7556}") = "Tionit.ShopOnline.Domain", "Tionit.MyShop.Domain\Tionit.ShopOnline.Domain.csproj", "{45D864F7-7D01-4030-B1F9-18B41675ED61}"
EndProject
Project("{9A19103F-16F7-4668-BE54-9A1E7A4F7556}") = "Tionit.ShopOnline.Persistence", "Tionit.MyShop.Persistence\Tionit.ShopOnline.Persistence.csproj", "{0CD7F4D5-BD24-45AA-B30C-150AA71D0723}"
EndProject
Project("{9A19103F-16F7-4668-BE54-9A1E7A4F7556}") = "Tionit.ShopOnline.Infrastructure", "Tionit.MyShop.Infrastructure\Tionit.ShopOnline.Infrastructure.csproj", "{9938FD4D-387F-4689-BF13-F5BDEAABF93C}"
EndProject
Project("{9A19103F-16F7-4668-BE54-9A1E7A4F7556}") = "Tionit.MyShop.Admin.Application", "Tionit.MyShop.Admin.Application\Tionit.MyShop.Admin.Application.csproj", "{4B3A081F-2AA7-4F5A-85DB-D6B5D1D995D2}"
EndProject
Project("{9A19103F-16F7-4668-BE54-9A1E7A4F7556}") = "Tionit.MyShop.Portal.Application", "Tionit.MyShop.Portal.Application\Tionit.MyShop.Portal.Application.csproj", "{C71C787A-7355-4961-90C3-7BD5287B51A7}"
EndProject
Global
	GlobalSection(SolutionConfigurationPlatforms) = preSolution
		Debug|Any CPU = Debug|Any CPU
		Release|Any CPU = Release|Any CPU
	EndGlobalSection
	GlobalSection(ProjectConfigurationPlatforms) = postSolution
		{A7BEFC9A-DCFE-4745-98D9-4774E1A01FCA}.Debug|Any CPU.ActiveCfg = Debug|Any CPU
		{A7BEFC9A-DCFE-4745-98D9-4774E1A01FCA}.Debug|Any CPU.Build.0 = Debug|Any CPU
		{A7BEFC9A-DCFE-4745-98D9-4774E1A01FCA}.Release|Any CPU.ActiveCfg = Release|Any CPU
		{A7BEFC9A-DCFE-4745-98D9-4774E1A01FCA}.Release|Any CPU.Build.0 = Release|Any CPU
		{8A1F776D-93AB-47A9-BE12-1417E35455A7}.Debug|Any CPU.ActiveCfg = Debug|Any CPU
		{8A1F776D-93AB-47A9-BE12-1417E35455A7}.Debug|Any CPU.Build.0 = Debug|Any CPU
		{8A1F776D-93AB-47A9-BE12-1417E35455A7}.Release|Any CPU.ActiveCfg = Release|Any CPU
		{8A1F776D-93AB-47A9-BE12-1417E35455A7}.Release|Any CPU.Build.0 = Release|Any CPU
		{66082A40-3C8B-483B-A26F-E64B9BF8084F}.Debug|Any CPU.ActiveCfg = Debug|Any CPU
		{66082A40-3C8B-483B-A26F-E64B9BF8084F}.Debug|Any CPU.Build.0 = Debug|Any CPU
		{66082A40-3C8B-483B-A26F-E64B9BF8084F}.Release|Any CPU.ActiveCfg = Release|Any CPU
		{66082A40-3C8B-483B-A26F-E64B9BF8084F}.Release|Any CPU.Build.0 = Release|Any CPU
		{45D864F7-7D01-4030-B1F9-18B41675ED61}.Debug|Any CPU.ActiveCfg = Debug|Any CPU
		{45D864F7-7D01-4030-B1F9-18B41675ED61}.Debug|Any CPU.Build.0 = Debug|Any CPU
		{45D864F7-7D01-4030-B1F9-18B41675ED61}.Release|Any CPU.ActiveCfg = Release|Any CPU
		{45D864F7-7D01-4030-B1F9-18B41675ED61}.Release|Any CPU.Build.0 = Release|Any CPU
		{0CD7F4D5-BD24-45AA-B30C-150AA71D0723}.Debug|Any CPU.ActiveCfg = Debug|Any CPU
		{0CD7F4D5-BD24-45AA-B30C-150AA71D0723}.Debug|Any CPU.Build.0 = Debug|Any CPU
		{0CD7F4D5-BD24-45AA-B30C-150AA71D0723}.Release|Any CPU.ActiveCfg = Release|Any CPU
		{0CD7F4D5-BD24-45AA-B30C-150AA71D0723}.Release|Any CPU.Build.0 = Release|Any CPU
		{9938FD4D-387F-4689-BF13-F5BDEAABF93C}.Debug|Any CPU.ActiveCfg = Debug|Any CPU
		{9938FD4D-387F-4689-BF13-F5BDEAABF93C}.Debug|Any CPU.Build.0 = Debug|Any CPU
		{9938FD4D-387F-4689-BF13-F5BDEAABF93C}.Release|Any CPU.ActiveCfg = Release|Any CPU
		{9938FD4D-387F-4689-BF13-F5BDEAABF93C}.Release|Any CPU.Build.0 = Release|Any CPU
		{4B3A081F-2AA7-4F5A-85DB-D6B5D1D995D2}.Debug|Any CPU.ActiveCfg = Debug|Any CPU
		{4B3A081F-2AA7-4F5A-85DB-D6B5D1D995D2}.Debug|Any CPU.Build.0 = Debug|Any CPU
		{4B3A081F-2AA7-4F5A-85DB-D6B5D1D995D2}.Release|Any CPU.ActiveCfg = Release|Any CPU
		{4B3A081F-2AA7-4F5A-85DB-D6B5D1D995D2}.Release|Any CPU.Build.0 = Release|Any CPU
		{C71C787A-7355-4961-90C3-7BD5287B51A7}.Debug|Any CPU.ActiveCfg = Debug|Any CPU
		{C71C787A-7355-4961-90C3-7BD5287B51A7}.Debug|Any CPU.Build.0 = Debug|Any CPU
		{C71C787A-7355-4961-90C3-7BD5287B51A7}.Release|Any CPU.ActiveCfg = Release|Any CPU
		{C71C787A-7355-4961-90C3-7BD5287B51A7}.Release|Any CPU.Build.0 = Release|Any CPU
	EndGlobalSection
	GlobalSection(SolutionProperties) = preSolution
		HideSolutionNode = FALSE
	EndGlobalSection
	GlobalSection(NestedProjects) = preSolution
		{725972D7-F506-44CE-A911-610671D54242} = {69918790-0F55-4B2D-B32A-1FD8A0F6B1A9}
		{A7BEFC9A-DCFE-4745-98D9-4774E1A01FCA} = {89E92466-E4A7-4574-8860-22973A49C45E}
		{8A1F776D-93AB-47A9-BE12-1417E35455A7} = {725972D7-F506-44CE-A911-610671D54242}
		{66082A40-3C8B-483B-A26F-E64B9BF8084F} = {69918790-0F55-4B2D-B32A-1FD8A0F6B1A9}
		{45D864F7-7D01-4030-B1F9-18B41675ED61} = {69918790-0F55-4B2D-B32A-1FD8A0F6B1A9}
		{0CD7F4D5-BD24-45AA-B30C-150AA71D0723} = {69918790-0F55-4B2D-B32A-1FD8A0F6B1A9}
		{9938FD4D-387F-4689-BF13-F5BDEAABF93C} = {69918790-0F55-4B2D-B32A-1FD8A0F6B1A9}
		{4B3A081F-2AA7-4F5A-85DB-D6B5D1D995D2} = {7ADF5129-5A36-4406-B1AD-B18704E6DCEA}
		{C71C787A-7355-4961-90C3-7BD5287B51A7} = {699C8CED-0EBE-49E2-BD4F-356462D9B88D}
	EndGlobalSection
	GlobalSection(ExtensibilityGlobals) = postSolution
		SolutionGuid = {6EAB366D-BFC0-45F9-8AF7-BDC1B56BD0EA}
	EndGlobalSection
EndGlobal
