
Microsoft Visual Studio Solution File, Format Version 12.00
# Visual Studio Version 16
VisualStudioVersion = 16.0.30503.244
MinimumVisualStudioVersion = 10.0.40219.1
Project("{2150E333-8FDC-42A3-9474-1A3956D46DE8}") = "01_Core", "01_Core", "{69918790-0F55-4B2D-B32A-1FD8A0F6B1A9}"
EndProject
Project("{2150E333-8FDC-42A3-9474-1A3956D46DE8}") = "02_Admin", "02_Admin", "{7ADF5129-5A36-4406-B1AD-B18704E6DCEA}"
EndProject
Project("{2150E333-8FDC-42A3-9474-1A3956D46DE8}") = "03_Portal", "03_Portal", "{699C8CED-0EBE-49E2-BD4F-356462D9B88D}"
EndProject
Project("{2150E333-8FDC-42A3-9474-1A3956D46DE8}") = "Misk", "Misk", "{725972D7-F506-44CE-A911-610671D54242}"
EndProject
Project("{2150E333-8FDC-42A3-9474-1A3956D46DE8}") = "04_SystemService", "04_SystemService", "{89E92466-E4A7-4574-8860-22973A49C45E}"
EndProject
Project("{9A19103F-16F7-4668-BE54-9A1E7A4F7556}") = "Tionit.MyShop.Migrator", "Tionit.MyShop.Migrator\Tionit.MyShop.Migrator.csproj", "{8A1F776D-93AB-47A9-BE12-1417E35455A7}"
EndProject
Project("{9A19103F-16F7-4668-BE54-9A1E7A4F7556}") = "Tionit.MyShop.Application", "Tionit.MyShop.Application\Tionit.MyShop.Application.csproj", "{66082A40-3C8B-483B-A26F-E64B9BF8084F}"
EndProject
Project("{9A19103F-16F7-4668-BE54-9A1E7A4F7556}") = "Tionit.MyShop.Domain", "Tionit.MyShop.Domain\Tionit.MyShop.Domain.csproj", "{45D864F7-7D01-4030-B1F9-18B41675ED61}"
EndProject
Project("{9A19103F-16F7-4668-BE54-9A1E7A4F7556}") = "Tionit.MyShop.Persistence", "Tionit.MyShop.Persistence\Tionit.MyShop.Persistence.csproj", "{0CD7F4D5-BD24-45AA-B30C-150AA71D0723}"
EndProject
Project("{9A19103F-16F7-4668-BE54-9A1E7A4F7556}") = "Tionit.MyShop.Infrastructure", "Tionit.MyShop.Infrastructure\Tionit.MyShop.Infrastructure.csproj", "{9938FD4D-387F-4689-BF13-F5BDEAABF93C}"
EndProject
Project("{9A19103F-16F7-4668-BE54-9A1E7A4F7556}") = "Tionit.MyShop.Admin.Application", "Tionit.MyShop.Admin.Application\Tionit.MyShop.Admin.Application.csproj", "{4B3A081F-2AA7-4F5A-85DB-D6B5D1D995D2}"
EndProject
Project("{9A19103F-16F7-4668-BE54-9A1E7A4F7556}") = "Tionit.MyShop.Portal.Application", "Tionit.MyShop.Portal.Application\Tionit.MyShop.Portal.Application.csproj", "{C71C787A-7355-4961-90C3-7BD5287B51A7}"
EndProject
Project("{9A19103F-16F7-4668-BE54-9A1E7A4F7556}") = "Tionit.MyShop.SystemService", "Tionit.MyShop.SystemService\Tionit.MyShop.SystemService.csproj", "{96D52B77-72AC-425D-B15F-456AEAB0AAEB}"
EndProject
Project("{9A19103F-16F7-4668-BE54-9A1E7A4F7556}") = "Tionit.MyShop.SystemService.Application", "Tionit.MyShop.SystemService.Application\Tionit.MyShop.SystemService.Application.csproj", "{3F49F8AF-750E-4826-AA01-A795B1A8E09C}"
EndProject
Project("{9A19103F-16F7-4668-BE54-9A1E7A4F7556}") = "Tionit.MyShop.Portal.Server", "Tionit.MyShop.Portal\Server\Tionit.MyShop.Portal.Server.csproj", "{E906F51B-FCD9-4FCE-B137-41DC5760E828}"
EndProject
Project("{9A19103F-16F7-4668-BE54-9A1E7A4F7556}") = "Tionit.MyShop.Portal.Client", "Tionit.MyShop.Portal\Client\Tionit.MyShop.Portal.Client.csproj", "{FA7C6367-1522-4019-972D-770B7B284F59}"
EndProject
Project("{9A19103F-16F7-4668-BE54-9A1E7A4F7556}") = "Tionit.MyShop.Portal.Shared", "Tionit.MyShop.Portal\Shared\Tionit.MyShop.Portal.Shared.csproj", "{F9C7D87C-C36E-4891-8510-46B47AFF2E01}"
EndProject
Project("{9A19103F-16F7-4668-BE54-9A1E7A4F7556}") = "Tionit.MyShop.Admin.Server", "Tionit.MyShop.Admin\Server\Tionit.MyShop.Admin.Server.csproj", "{4F6A5765-78A3-4AFB-9680-2D48ACB96B96}"
EndProject
Project("{9A19103F-16F7-4668-BE54-9A1E7A4F7556}") = "Tionit.MyShop.Admin.Client", "Tionit.MyShop.Admin\Client\Tionit.MyShop.Admin.Client.csproj", "{0A268990-481F-4818-BF66-9411B33AD46A}"
EndProject
Project("{9A19103F-16F7-4668-BE54-9A1E7A4F7556}") = "Tionit.MyShop.Admin.Shared", "Tionit.MyShop.Admin\Shared\Tionit.MyShop.Admin.Shared.csproj", "{A728250A-EE63-4AAA-A4EC-1132DAEA136C}"
EndProject
Global
	GlobalSection(SolutionConfigurationPlatforms) = preSolution
		Debug|Any CPU = Debug|Any CPU
		Release|Any CPU = Release|Any CPU
	EndGlobalSection
	GlobalSection(ProjectConfigurationPlatforms) = postSolution
		{8A1F776D-93AB-47A9-BE12-1417E35455A7}.Debug|Any CPU.ActiveCfg = Debug|Any CPU
		{8A1F776D-93AB-47A9-BE12-1417E35455A7}.Debug|Any CPU.Build.0 = Debug|Any CPU
		{8A1F776D-93AB-47A9-BE12-1417E35455A7}.Release|Any CPU.ActiveCfg = Release|Any CPU
		{8A1F776D-93AB-47A9-BE12-1417E35455A7}.Release|Any CPU.Build.0 = Release|Any CPU
		{66082A40-3C8B-483B-A26F-E64B9BF8084F}.Debug|Any CPU.ActiveCfg = Debug|Any CPU
		{66082A40-3C8B-483B-A26F-E64B9BF8084F}.Debug|Any CPU.Build.0 = Debug|Any CPU
		{66082A40-3C8B-483B-A26F-E64B9BF8084F}.Release|Any CPU.ActiveCfg = Release|Any CPU
		{66082A40-3C8B-483B-A26F-E64B9BF8084F}.Release|Any CPU.Build.0 = Release|Any CPU
		{45D864F7-7D01-4030-B1F9-18B41675ED61}.Debug|Any CPU.ActiveCfg = Debug|Any CPU
		{45D864F7-7D01-4030-B1F9-18B41675ED61}.Debug|Any CPU.Build.0 = Debug|Any CPU
		{45D864F7-7D01-4030-B1F9-18B41675ED61}.Release|Any CPU.ActiveCfg = Release|Any CPU
		{45D864F7-7D01-4030-B1F9-18B41675ED61}.Release|Any CPU.Build.0 = Release|Any CPU
		{0CD7F4D5-BD24-45AA-B30C-150AA71D0723}.Debug|Any CPU.ActiveCfg = Debug|Any CPU
		{0CD7F4D5-BD24-45AA-B30C-150AA71D0723}.Debug|Any CPU.Build.0 = Debug|Any CPU
		{0CD7F4D5-BD24-45AA-B30C-150AA71D0723}.Release|Any CPU.ActiveCfg = Release|Any CPU
		{0CD7F4D5-BD24-45AA-B30C-150AA71D0723}.Release|Any CPU.Build.0 = Release|Any CPU
		{9938FD4D-387F-4689-BF13-F5BDEAABF93C}.Debug|Any CPU.ActiveCfg = Debug|Any CPU
		{9938FD4D-387F-4689-BF13-F5BDEAABF93C}.Debug|Any CPU.Build.0 = Debug|Any CPU
		{9938FD4D-387F-4689-BF13-F5BDEAABF93C}.Release|Any CPU.ActiveCfg = Release|Any CPU
		{9938FD4D-387F-4689-BF13-F5BDEAABF93C}.Release|Any CPU.Build.0 = Release|Any CPU
		{4B3A081F-2AA7-4F5A-85DB-D6B5D1D995D2}.Debug|Any CPU.ActiveCfg = Debug|Any CPU
		{4B3A081F-2AA7-4F5A-85DB-D6B5D1D995D2}.Debug|Any CPU.Build.0 = Debug|Any CPU
		{4B3A081F-2AA7-4F5A-85DB-D6B5D1D995D2}.Release|Any CPU.ActiveCfg = Release|Any CPU
		{4B3A081F-2AA7-4F5A-85DB-D6B5D1D995D2}.Release|Any CPU.Build.0 = Release|Any CPU
		{C71C787A-7355-4961-90C3-7BD5287B51A7}.Debug|Any CPU.ActiveCfg = Debug|Any CPU
		{C71C787A-7355-4961-90C3-7BD5287B51A7}.Debug|Any CPU.Build.0 = Debug|Any CPU
		{C71C787A-7355-4961-90C3-7BD5287B51A7}.Release|Any CPU.ActiveCfg = Release|Any CPU
		{C71C787A-7355-4961-90C3-7BD5287B51A7}.Release|Any CPU.Build.0 = Release|Any CPU
		{96D52B77-72AC-425D-B15F-456AEAB0AAEB}.Debug|Any CPU.ActiveCfg = Debug|Any CPU
		{96D52B77-72AC-425D-B15F-456AEAB0AAEB}.Debug|Any CPU.Build.0 = Debug|Any CPU
		{96D52B77-72AC-425D-B15F-456AEAB0AAEB}.Release|Any CPU.ActiveCfg = Release|Any CPU
		{96D52B77-72AC-425D-B15F-456AEAB0AAEB}.Release|Any CPU.Build.0 = Release|Any CPU
		{3F49F8AF-750E-4826-AA01-A795B1A8E09C}.Debug|Any CPU.ActiveCfg = Debug|Any CPU
		{3F49F8AF-750E-4826-AA01-A795B1A8E09C}.Debug|Any CPU.Build.0 = Debug|Any CPU
		{3F49F8AF-750E-4826-AA01-A795B1A8E09C}.Release|Any CPU.ActiveCfg = Release|Any CPU
		{3F49F8AF-750E-4826-AA01-A795B1A8E09C}.Release|Any CPU.Build.0 = Release|Any CPU
		{E906F51B-FCD9-4FCE-B137-41DC5760E828}.Debug|Any CPU.ActiveCfg = Debug|Any CPU
		{E906F51B-FCD9-4FCE-B137-41DC5760E828}.Debug|Any CPU.Build.0 = Debug|Any CPU
		{E906F51B-FCD9-4FCE-B137-41DC5760E828}.Release|Any CPU.ActiveCfg = Release|Any CPU
		{E906F51B-FCD9-4FCE-B137-41DC5760E828}.Release|Any CPU.Build.0 = Release|Any CPU
		{FA7C6367-1522-4019-972D-770B7B284F59}.Debug|Any CPU.ActiveCfg = Debug|Any CPU
		{FA7C6367-1522-4019-972D-770B7B284F59}.Debug|Any CPU.Build.0 = Debug|Any CPU
		{FA7C6367-1522-4019-972D-770B7B284F59}.Release|Any CPU.ActiveCfg = Release|Any CPU
		{FA7C6367-1522-4019-972D-770B7B284F59}.Release|Any CPU.Build.0 = Release|Any CPU
		{F9C7D87C-C36E-4891-8510-46B47AFF2E01}.Debug|Any CPU.ActiveCfg = Debug|Any CPU
		{F9C7D87C-C36E-4891-8510-46B47AFF2E01}.Debug|Any CPU.Build.0 = Debug|Any CPU
		{F9C7D87C-C36E-4891-8510-46B47AFF2E01}.Release|Any CPU.ActiveCfg = Release|Any CPU
		{F9C7D87C-C36E-4891-8510-46B47AFF2E01}.Release|Any CPU.Build.0 = Release|Any CPU
		{4F6A5765-78A3-4AFB-9680-2D48ACB96B96}.Debug|Any CPU.ActiveCfg = Debug|Any CPU
		{4F6A5765-78A3-4AFB-9680-2D48ACB96B96}.Debug|Any CPU.Build.0 = Debug|Any CPU
		{4F6A5765-78A3-4AFB-9680-2D48ACB96B96}.Release|Any CPU.ActiveCfg = Release|Any CPU
		{4F6A5765-78A3-4AFB-9680-2D48ACB96B96}.Release|Any CPU.Build.0 = Release|Any CPU
		{0A268990-481F-4818-BF66-9411B33AD46A}.Debug|Any CPU.ActiveCfg = Debug|Any CPU
		{0A268990-481F-4818-BF66-9411B33AD46A}.Debug|Any CPU.Build.0 = Debug|Any CPU
		{0A268990-481F-4818-BF66-9411B33AD46A}.Release|Any CPU.ActiveCfg = Release|Any CPU
		{0A268990-481F-4818-BF66-9411B33AD46A}.Release|Any CPU.Build.0 = Release|Any CPU
		{A728250A-EE63-4AAA-A4EC-1132DAEA136C}.Debug|Any CPU.ActiveCfg = Debug|Any CPU
		{A728250A-EE63-4AAA-A4EC-1132DAEA136C}.Debug|Any CPU.Build.0 = Debug|Any CPU
		{A728250A-EE63-4AAA-A4EC-1132DAEA136C}.Release|Any CPU.ActiveCfg = Release|Any CPU
		{A728250A-EE63-4AAA-A4EC-1132DAEA136C}.Release|Any CPU.Build.0 = Release|Any CPU
	EndGlobalSection
	GlobalSection(SolutionProperties) = preSolution
		HideSolutionNode = FALSE
	EndGlobalSection
	GlobalSection(NestedProjects) = preSolution
		{725972D7-F506-44CE-A911-610671D54242} = {69918790-0F55-4B2D-B32A-1FD8A0F6B1A9}
		{8A1F776D-93AB-47A9-BE12-1417E35455A7} = {725972D7-F506-44CE-A911-610671D54242}
		{66082A40-3C8B-483B-A26F-E64B9BF8084F} = {69918790-0F55-4B2D-B32A-1FD8A0F6B1A9}
		{45D864F7-7D01-4030-B1F9-18B41675ED61} = {69918790-0F55-4B2D-B32A-1FD8A0F6B1A9}
		{0CD7F4D5-BD24-45AA-B30C-150AA71D0723} = {69918790-0F55-4B2D-B32A-1FD8A0F6B1A9}
		{9938FD4D-387F-4689-BF13-F5BDEAABF93C} = {69918790-0F55-4B2D-B32A-1FD8A0F6B1A9}
		{4B3A081F-2AA7-4F5A-85DB-D6B5D1D995D2} = {7ADF5129-5A36-4406-B1AD-B18704E6DCEA}
		{C71C787A-7355-4961-90C3-7BD5287B51A7} = {699C8CED-0EBE-49E2-BD4F-356462D9B88D}
		{96D52B77-72AC-425D-B15F-456AEAB0AAEB} = {89E92466-E4A7-4574-8860-22973A49C45E}
		{3F49F8AF-750E-4826-AA01-A795B1A8E09C} = {89E92466-E4A7-4574-8860-22973A49C45E}
		{E906F51B-FCD9-4FCE-B137-41DC5760E828} = {699C8CED-0EBE-49E2-BD4F-356462D9B88D}
		{FA7C6367-1522-4019-972D-770B7B284F59} = {699C8CED-0EBE-49E2-BD4F-356462D9B88D}
		{F9C7D87C-C36E-4891-8510-46B47AFF2E01} = {699C8CED-0EBE-49E2-BD4F-356462D9B88D}
		{4F6A5765-78A3-4AFB-9680-2D48ACB96B96} = {7ADF5129-5A36-4406-B1AD-B18704E6DCEA}
		{0A268990-481F-4818-BF66-9411B33AD46A} = {7ADF5129-5A36-4406-B1AD-B18704E6DCEA}
		{A728250A-EE63-4AAA-A4EC-1132DAEA136C} = {7ADF5129-5A36-4406-B1AD-B18704E6DCEA}
	EndGlobalSection
	GlobalSection(ExtensibilityGlobals) = postSolution
		SolutionGuid = {6EAB366D-BFC0-45F9-8AF7-BDC1B56BD0EA}
	EndGlobalSection
EndGlobal
